// !$*UTF8*$!
{
	archiveVersion = 1;
	classes = {
	};
	objectVersion = 50;
	objects = {

/* Begin PBXBuildFile section */
		83E22350218ADE0100F669CA /* AppDelegate.m in Sources */ = {isa = PBXBuildFile; fileRef = 83E2234F218ADE0100F669CA /* AppDelegate.m */; };
		83E22353218ADE0100F669CA /* ViewController.m in Sources */ = {isa = PBXBuildFile; fileRef = 83E22352218ADE0100F669CA /* ViewController.m */; };
		83E22356218ADE0100F669CA /* Main.storyboard in Resources */ = {isa = PBXBuildFile; fileRef = 83E22354218ADE0100F669CA /* Main.storyboard */; };
		83E22358218ADE0200F669CA /* Assets.xcassets in Resources */ = {isa = PBXBuildFile; fileRef = 83E22357218ADE0200F669CA /* Assets.xcassets */; };
		83E2235B218ADE0200F669CA /* LaunchScreen.storyboard in Resources */ = {isa = PBXBuildFile; fileRef = 83E22359218ADE0200F669CA /* LaunchScreen.storyboard */; };
		83E2235E218ADE0200F669CA /* main.m in Sources */ = {isa = PBXBuildFile; fileRef = 83E2235D218ADE0200F669CA /* main.m */; };
		83E22368218ADE0200F669CA /* UPMCityPickerTests.m in Sources */ = {isa = PBXBuildFile; fileRef = 83E22367218ADE0200F669CA /* UPMCityPickerTests.m */; };
		83E22373218ADE0200F669CA /* UPMCityPickerUITests.m in Sources */ = {isa = PBXBuildFile; fileRef = 83E22372218ADE0200F669CA /* UPMCityPickerUITests.m */; };
		83E22383218AE05800F669CA /* UPMCityPickerController.m in Sources */ = {isa = PBXBuildFile; fileRef = 83E22382218AE05800F669CA /* UPMCityPickerController.m */; };
		83E22385218AE62800F669CA /* UPMCityPicker.bundle in Resources */ = {isa = PBXBuildFile; fileRef = 83E22384218AE62800F669CA /* UPMCityPicker.bundle */; };
		83E22388218AE64500F669CA /* UPMCityInfo.m in Sources */ = {isa = PBXBuildFile; fileRef = 83E22387218AE64500F669CA /* UPMCityInfo.m */; };
		83E2238B218AED5400F669CA /* UPMFirstLetterGroup.m in Sources */ = {isa = PBXBuildFile; fileRef = 83E2238A218AED5400F669CA /* UPMFirstLetterGroup.m */; };
		83E22392218BF77000F669CA /* UPMExtraGroupCell.m in Sources */ = {isa = PBXBuildFile; fileRef = 83E22391218BF76F00F669CA /* UPMExtraGroupCell.m */; };
		83E22395218BF8DF00F669CA /* UPMExtraCityCell.m in Sources */ = {isa = PBXBuildFile; fileRef = 83E22394218BF8DF00F669CA /* UPMExtraCityCell.m */; };
		83E22398218C201900F669CA /* UPMCityPickerConfig.m in Sources */ = {isa = PBXBuildFile; fileRef = 83E22397218C201900F669CA /* UPMCityPickerConfig.m */; };
		83E2239B218C39F400F669CA /* UPMLocationHeaderView.m in Sources */ = {isa = PBXBuildFile; fileRef = 83E2239A218C39F300F669CA /* UPMLocationHeaderView.m */; };
/* End PBXBuildFile section */

/* Begin PBXContainerItemProxy section */
		83E22364218ADE0200F669CA /* PBXContainerItemProxy */ = {
			isa = PBXContainerItemProxy;
			containerPortal = 83E22343218ADE0100F669CA /* Project object */;
			proxyType = 1;
			remoteGlobalIDString = 83E2234A218ADE0100F669CA;
			remoteInfo = UPMCityPicker;
		};
		83E2236F218ADE0200F669CA /* PBXContainerItemProxy */ = {
			isa = PBXContainerItemProxy;
			containerPortal = 83E22343218ADE0100F669CA /* Project object */;
			proxyType = 1;
			remoteGlobalIDString = 83E2234A218ADE0100F669CA;
			remoteInfo = UPMCityPicker;
		};
/* End PBXContainerItemProxy section */

/* Begin PBXFileReference section */
		83E2234B218ADE0100F669CA /* UPMCityPicker.app */ = {isa = PBXFileReference; explicitFileType = wrapper.application; includeInIndex = 0; path = UPMCityPicker.app; sourceTree = BUILT_PRODUCTS_DIR; };
		83E2234E218ADE0100F669CA /* AppDelegate.h */ = {isa = PBXFileReference; lastKnownFileType = sourcecode.c.h; path = AppDelegate.h; sourceTree = "<group>"; };
		83E2234F218ADE0100F669CA /* AppDelegate.m */ = {isa = PBXFileReference; lastKnownFileType = sourcecode.c.objc; path = AppDelegate.m; sourceTree = "<group>"; };
		83E22351218ADE0100F669CA /* ViewController.h */ = {isa = PBXFileReference; lastKnownFileType = sourcecode.c.h; path = ViewController.h; sourceTree = "<group>"; };
		83E22352218ADE0100F669CA /* ViewController.m */ = {isa = PBXFileReference; lastKnownFileType = sourcecode.c.objc; path = ViewController.m; sourceTree = "<group>"; };
		83E22355218ADE0100F669CA /* Base */ = {isa = PBXFileReference; lastKnownFileType = file.storyboard; name = Base; path = Base.lproj/Main.storyboard; sourceTree = "<group>"; };
		83E22357218ADE0200F669CA /* Assets.xcassets */ = {isa = PBXFileReference; lastKnownFileType = folder.assetcatalog; path = Assets.xcassets; sourceTree = "<group>"; };
		83E2235A218ADE0200F669CA /* Base */ = {isa = PBXFileReference; lastKnownFileType = file.storyboard; name = Base; path = Base.lproj/LaunchScreen.storyboard; sourceTree = "<group>"; };
		83E2235C218ADE0200F669CA /* Info.plist */ = {isa = PBXFileReference; lastKnownFileType = text.plist.xml; path = Info.plist; sourceTree = "<group>"; };
		83E2235D218ADE0200F669CA /* main.m */ = {isa = PBXFileReference; lastKnownFileType = sourcecode.c.objc; path = main.m; sourceTree = "<group>"; };
		83E22363218ADE0200F669CA /* UPMCityPickerTests.xctest */ = {isa = PBXFileReference; explicitFileType = wrapper.cfbundle; includeInIndex = 0; path = UPMCityPickerTests.xctest; sourceTree = BUILT_PRODUCTS_DIR; };
		83E22367218ADE0200F669CA /* UPMCityPickerTests.m */ = {isa = PBXFileReference; lastKnownFileType = sourcecode.c.objc; path = UPMCityPickerTests.m; sourceTree = "<group>"; };
		83E22369218ADE0200F669CA /* Info.plist */ = {isa = PBXFileReference; lastKnownFileType = text.plist.xml; path = Info.plist; sourceTree = "<group>"; };
		83E2236E218ADE0200F669CA /* UPMCityPickerUITests.xctest */ = {isa = PBXFileReference; explicitFileType = wrapper.cfbundle; includeInIndex = 0; path = UPMCityPickerUITests.xctest; sourceTree = BUILT_PRODUCTS_DIR; };
		83E22372218ADE0200F669CA /* UPMCityPickerUITests.m */ = {isa = PBXFileReference; lastKnownFileType = sourcecode.c.objc; path = UPMCityPickerUITests.m; sourceTree = "<group>"; };
		83E22374218ADE0200F669CA /* Info.plist */ = {isa = PBXFileReference; lastKnownFileType = text.plist.xml; path = Info.plist; sourceTree = "<group>"; };
		83E22381218AE05800F669CA /* UPMCityPickerController.h */ = {isa = PBXFileReference; lastKnownFileType = sourcecode.c.h; path = UPMCityPickerController.h; sourceTree = "<group>"; };
		83E22382218AE05800F669CA /* UPMCityPickerController.m */ = {isa = PBXFileReference; lastKnownFileType = sourcecode.c.objc; path = UPMCityPickerController.m; sourceTree = "<group>"; };
		83E22384218AE62800F669CA /* UPMCityPicker.bundle */ = {isa = PBXFileReference; lastKnownFileType = "wrapper.plug-in"; path = UPMCityPicker.bundle; sourceTree = "<group>"; };
		83E22386218AE64500F669CA /* UPMCityInfo.h */ = {isa = PBXFileReference; lastKnownFileType = sourcecode.c.h; path = UPMCityInfo.h; sourceTree = "<group>"; };
		83E22387218AE64500F669CA /* UPMCityInfo.m */ = {isa = PBXFileReference; lastKnownFileType = sourcecode.c.objc; path = UPMCityInfo.m; sourceTree = "<group>"; };
		83E22389218AED5400F669CA /* UPMFirstLetterGroup.h */ = {isa = PBXFileReference; lastKnownFileType = sourcecode.c.h; path = UPMFirstLetterGroup.h; sourceTree = "<group>"; };
		83E2238A218AED5400F669CA /* UPMFirstLetterGroup.m */ = {isa = PBXFileReference; lastKnownFileType = sourcecode.c.objc; path = UPMFirstLetterGroup.m; sourceTree = "<group>"; };
		83E22390218BF76F00F669CA /* UPMExtraGroupCell.h */ = {isa = PBXFileReference; lastKnownFileType = sourcecode.c.h; path = UPMExtraGroupCell.h; sourceTree = "<group>"; };
		83E22391218BF76F00F669CA /* UPMExtraGroupCell.m */ = {isa = PBXFileReference; lastKnownFileType = sourcecode.c.objc; path = UPMExtraGroupCell.m; sourceTree = "<group>"; };
		83E22393218BF8DF00F669CA /* UPMExtraCityCell.h */ = {isa = PBXFileReference; lastKnownFileType = sourcecode.c.h; path = UPMExtraCityCell.h; sourceTree = "<group>"; };
		83E22394218BF8DF00F669CA /* UPMExtraCityCell.m */ = {isa = PBXFileReference; lastKnownFileType = sourcecode.c.objc; path = UPMExtraCityCell.m; sourceTree = "<group>"; };
		83E22396218C201900F669CA /* UPMCityPickerConfig.h */ = {isa = PBXFileReference; lastKnownFileType = sourcecode.c.h; path = UPMCityPickerConfig.h; sourceTree = "<group>"; };
		83E22397218C201900F669CA /* UPMCityPickerConfig.m */ = {isa = PBXFileReference; lastKnownFileType = sourcecode.c.objc; path = UPMCityPickerConfig.m; sourceTree = "<group>"; };
		83E22399218C39F300F669CA /* UPMLocationHeaderView.h */ = {isa = PBXFileReference; lastKnownFileType = sourcecode.c.h; path = UPMLocationHeaderView.h; sourceTree = "<group>"; };
		83E2239A218C39F300F669CA /* UPMLocationHeaderView.m */ = {isa = PBXFileReference; lastKnownFileType = sourcecode.c.objc; path = UPMLocationHeaderView.m; sourceTree = "<group>"; };
/* End PBXFileReference section */

/* Begin PBXFrameworksBuildPhase section */
		83E22348218ADE0100F669CA /* Frameworks */ = {
			isa = PBXFrameworksBuildPhase;
			buildActionMask = 2147483647;
			files = (
			);
			runOnlyForDeploymentPostprocessing = 0;
		};
		83E22360218ADE0200F669CA /* Frameworks */ = {
			isa = PBXFrameworksBuildPhase;
			buildActionMask = 2147483647;
			files = (
			);
			runOnlyForDeploymentPostprocessing = 0;
		};
		83E2236B218ADE0200F669CA /* Frameworks */ = {
			isa = PBXFrameworksBuildPhase;
			buildActionMask = 2147483647;
			files = (
			);
			runOnlyForDeploymentPostprocessing = 0;
		};
/* End PBXFrameworksBuildPhase section */

/* Begin PBXGroup section */
		83E22342218ADE0100F669CA = {
			isa = PBXGroup;
			children = (
				83E2234D218ADE0100F669CA /* UPMCityPicker */,
				83E22366218ADE0200F669CA /* UPMCityPickerTests */,
				83E22371218ADE0200F669CA /* UPMCityPickerUITests */,
				83E2234C218ADE0100F669CA /* Products */,
			);
			sourceTree = "<group>";
		};
		83E2234C218ADE0100F669CA /* Products */ = {
			isa = PBXGroup;
			children = (
				83E2234B218ADE0100F669CA /* UPMCityPicker.app */,
				83E22363218ADE0200F669CA /* UPMCityPickerTests.xctest */,
				83E2236E218ADE0200F669CA /* UPMCityPickerUITests.xctest */,
			);
			name = Products;
			sourceTree = "<group>";
		};
		83E2234D218ADE0100F669CA /* UPMCityPicker */ = {
			isa = PBXGroup;
			children = (
				83E22380218AE04500F669CA /* UPMCityPicker */,
				83E2234E218ADE0100F669CA /* AppDelegate.h */,
				83E2234F218ADE0100F669CA /* AppDelegate.m */,
				83E22351218ADE0100F669CA /* ViewController.h */,
				83E22352218ADE0100F669CA /* ViewController.m */,
				83E22354218ADE0100F669CA /* Main.storyboard */,
				83E22357218ADE0200F669CA /* Assets.xcassets */,
				83E22359218ADE0200F669CA /* LaunchScreen.storyboard */,
				83E2235C218ADE0200F669CA /* Info.plist */,
				83E2235D218ADE0200F669CA /* main.m */,
			);
			path = UPMCityPicker;
			sourceTree = "<group>";
		};
		83E22366218ADE0200F669CA /* UPMCityPickerTests */ = {
			isa = PBXGroup;
			children = (
				83E22367218ADE0200F669CA /* UPMCityPickerTests.m */,
				83E22369218ADE0200F669CA /* Info.plist */,
			);
			path = UPMCityPickerTests;
			sourceTree = "<group>";
		};
		83E22371218ADE0200F669CA /* UPMCityPickerUITests */ = {
			isa = PBXGroup;
			children = (
				83E22372218ADE0200F669CA /* UPMCityPickerUITests.m */,
				83E22374218ADE0200F669CA /* Info.plist */,
			);
			path = UPMCityPickerUITests;
			sourceTree = "<group>";
		};
		83E22380218AE04500F669CA /* UPMCityPicker */ = {
			isa = PBXGroup;
			children = (
				83E22384218AE62800F669CA /* UPMCityPicker.bundle */,
				83E22381218AE05800F669CA /* UPMCityPickerController.h */,
				83E22382218AE05800F669CA /* UPMCityPickerController.m */,
				83E22386218AE64500F669CA /* UPMCityInfo.h */,
				83E22387218AE64500F669CA /* UPMCityInfo.m */,
				83E22389218AED5400F669CA /* UPMFirstLetterGroup.h */,
				83E2238A218AED5400F669CA /* UPMFirstLetterGroup.m */,
				83E22390218BF76F00F669CA /* UPMExtraGroupCell.h */,
				83E22391218BF76F00F669CA /* UPMExtraGroupCell.m */,
				83E22393218BF8DF00F669CA /* UPMExtraCityCell.h */,
				83E22394218BF8DF00F669CA /* UPMExtraCityCell.m */,
				83E22396218C201900F669CA /* UPMCityPickerConfig.h */,
				83E22397218C201900F669CA /* UPMCityPickerConfig.m */,
				83E22399218C39F300F669CA /* UPMLocationHeaderView.h */,
				83E2239A218C39F300F669CA /* UPMLocationHeaderView.m */,
			);
			path = UPMCityPicker;
			sourceTree = "<group>";
		};
/* End PBXGroup section */

/* Begin PBXNativeTarget section */
		83E2234A218ADE0100F669CA /* UPMCityPicker */ = {
			isa = PBXNativeTarget;
			buildConfigurationList = 83E22377218ADE0200F669CA /* Build configuration list for PBXNativeTarget "UPMCityPicker" */;
			buildPhases = (
				83E22347218ADE0100F669CA /* Sources */,
				83E22348218ADE0100F669CA /* Frameworks */,
				83E22349218ADE0100F669CA /* Resources */,
			);
			buildRules = (
			);
			dependencies = (
			);
			name = UPMCityPicker;
			productName = UPMCityPicker;
			productReference = 83E2234B218ADE0100F669CA /* UPMCityPicker.app */;
			productType = "com.apple.product-type.application";
		};
		83E22362218ADE0200F669CA /* UPMCityPickerTests */ = {
			isa = PBXNativeTarget;
			buildConfigurationList = 83E2237A218ADE0200F669CA /* Build configuration list for PBXNativeTarget "UPMCityPickerTests" */;
			buildPhases = (
				83E2235F218ADE0200F669CA /* Sources */,
				83E22360218ADE0200F669CA /* Frameworks */,
				83E22361218ADE0200F669CA /* Resources */,
			);
			buildRules = (
			);
			dependencies = (
				83E22365218ADE0200F669CA /* PBXTargetDependency */,
			);
			name = UPMCityPickerTests;
			productName = UPMCityPickerTests;
			productReference = 83E22363218ADE0200F669CA /* UPMCityPickerTests.xctest */;
			productType = "com.apple.product-type.bundle.unit-test";
		};
		83E2236D218ADE0200F669CA /* UPMCityPickerUITests */ = {
			isa = PBXNativeTarget;
			buildConfigurationList = 83E2237D218ADE0200F669CA /* Build configuration list for PBXNativeTarget "UPMCityPickerUITests" */;
			buildPhases = (
				83E2236A218ADE0200F669CA /* Sources */,
				83E2236B218ADE0200F669CA /* Frameworks */,
				83E2236C218ADE0200F669CA /* Resources */,
			);
			buildRules = (
			);
			dependencies = (
				83E22370218ADE0200F669CA /* PBXTargetDependency */,
			);
			name = UPMCityPickerUITests;
			productName = UPMCityPickerUITests;
			productReference = 83E2236E218ADE0200F669CA /* UPMCityPickerUITests.xctest */;
			productType = "com.apple.product-type.bundle.ui-testing";
		};
/* End PBXNativeTarget section */

/* Begin PBXProject section */
		83E22343218ADE0100F669CA /* Project object */ = {
			isa = PBXProject;
			attributes = {
				CLASSPREFIX = UPM;
				LastUpgradeCheck = 1000;
				ORGANIZATIONNAME = upmer;
				TargetAttributes = {
					83E2234A218ADE0100F669CA = {
						CreatedOnToolsVersion = 10.0;
					};
					83E22362218ADE0200F669CA = {
						CreatedOnToolsVersion = 10.0;
						TestTargetID = 83E2234A218ADE0100F669CA;
					};
					83E2236D218ADE0200F669CA = {
						CreatedOnToolsVersion = 10.0;
						TestTargetID = 83E2234A218ADE0100F669CA;
					};
				};
			};
			buildConfigurationList = 83E22346218ADE0100F669CA /* Build configuration list for PBXProject "UPMCityPicker" */;
			compatibilityVersion = "Xcode 9.3";
			developmentRegion = en;
			hasScannedForEncodings = 0;
			knownRegions = (
				en,
				Base,
			);
			mainGroup = 83E22342218ADE0100F669CA;
			productRefGroup = 83E2234C218ADE0100F669CA /* Products */;
			projectDirPath = "";
			projectRoot = "";
			targets = (
				83E2234A218ADE0100F669CA /* UPMCityPicker */,
				83E22362218ADE0200F669CA /* UPMCityPickerTests */,
				83E2236D218ADE0200F669CA /* UPMCityPickerUITests */,
			);
		};
/* End PBXProject section */

/* Begin PBXResourcesBuildPhase section */
		83E22349218ADE0100F669CA /* Resources */ = {
			isa = PBXResourcesBuildPhase;
			buildActionMask = 2147483647;
			files = (
				83E2235B218ADE0200F669CA /* LaunchScreen.storyboard in Resources */,
				83E22385218AE62800F669CA /* UPMCityPicker.bundle in Resources */,
				83E22358218ADE0200F669CA /* Assets.xcassets in Resources */,
				83E22356218ADE0100F669CA /* Main.storyboard in Resources */,
			);
			runOnlyForDeploymentPostprocessing = 0;
		};
		83E22361218ADE0200F669CA /* Resources */ = {
			isa = PBXResourcesBuildPhase;
			buildActionMask = 2147483647;
			files = (
			);
			runOnlyForDeploymentPostprocessing = 0;
		};
		83E2236C218ADE0200F669CA /* Resources */ = {
			isa = PBXResourcesBuildPhase;
			buildActionMask = 2147483647;
			files = (
			);
			runOnlyForDeploymentPostprocessing = 0;
		};
/* End PBXResourcesBuildPhase section */

/* Begin PBXSourcesBuildPhase section */
		83E22347218ADE0100F669CA /* Sources */ = {
			isa = PBXSourcesBuildPhase;
			buildActionMask = 2147483647;
			files = (
				83E22398218C201900F669CA /* UPMCityPickerConfig.m in Sources */,
				83E22353218ADE0100F669CA /* ViewController.m in Sources */,
				83E2238B218AED5400F669CA /* UPMFirstLetterGroup.m in Sources */,
				83E2239B218C39F400F669CA /* UPMLocationHeaderView.m in Sources */,
				83E22383218AE05800F669CA /* UPMCityPickerController.m in Sources */,
				83E2235E218ADE0200F669CA /* main.m in Sources */,
				83E22395218BF8DF00F669CA /* UPMExtraCityCell.m in Sources */,
				83E22392218BF77000F669CA /* UPMExtraGroupCell.m in Sources */,
				83E22350218ADE0100F669CA /* AppDelegate.m in Sources */,
				83E22388218AE64500F669CA /* UPMCityInfo.m in Sources */,
			);
			runOnlyForDeploymentPostprocessing = 0;
		};
		83E2235F218ADE0200F669CA /* Sources */ = {
			isa = PBXSourcesBuildPhase;
			buildActionMask = 2147483647;
			files = (
				83E22368218ADE0200F669CA /* UPMCityPickerTests.m in Sources */,
			);
			runOnlyForDeploymentPostprocessing = 0;
		};
		83E2236A218ADE0200F669CA /* Sources */ = {
			isa = PBXSourcesBuildPhase;
			buildActionMask = 2147483647;
			files = (
				83E22373218ADE0200F669CA /* UPMCityPickerUITests.m in Sources */,
			);
			runOnlyForDeploymentPostprocessing = 0;
		};
/* End PBXSourcesBuildPhase section */

/* Begin PBXTargetDependency section */
		83E22365218ADE0200F669CA /* PBXTargetDependency */ = {
			isa = PBXTargetDependency;
			target = 83E2234A218ADE0100F669CA /* UPMCityPicker */;
			targetProxy = 83E22364218ADE0200F669CA /* PBXContainerItemProxy */;
		};
		83E22370218ADE0200F669CA /* PBXTargetDependency */ = {
			isa = PBXTargetDependency;
			target = 83E2234A218ADE0100F669CA /* UPMCityPicker */;
			targetProxy = 83E2236F218ADE0200F669CA /* PBXContainerItemProxy */;
		};
/* End PBXTargetDependency section */

/* Begin PBXVariantGroup section */
		83E22354218ADE0100F669CA /* Main.storyboard */ = {
			isa = PBXVariantGroup;
			children = (
				83E22355218ADE0100F669CA /* Base */,
			);
			name = Main.storyboard;
			sourceTree = "<group>";
		};
		83E22359218ADE0200F669CA /* LaunchScreen.storyboard */ = {
			isa = PBXVariantGroup;
			children = (
				83E2235A218ADE0200F669CA /* Base */,
			);
			name = LaunchScreen.storyboard;
			sourceTree = "<group>";
		};
/* End PBXVariantGroup section */

/* Begin XCBuildConfiguration section */
		83E22375218ADE0200F669CA /* Debug */ = {
			isa = XCBuildConfiguration;
			buildSettings = {
				ALWAYS_SEARCH_USER_PATHS = NO;
				CLANG_ANALYZER_NONNULL = YES;
				CLANG_ANALYZER_NUMBER_OBJECT_CONVERSION = YES_AGGRESSIVE;
				CLANG_CXX_LANGUAGE_STANDARD = "gnu++14";
				CLANG_CXX_LIBRARY = "libc++";
				CLANG_ENABLE_MODULES = YES;
				CLANG_ENABLE_OBJC_ARC = YES;
				CLANG_ENABLE_OBJC_WEAK = YES;
				CLANG_WARN_BLOCK_CAPTURE_AUTORELEASING = YES;
				CLANG_WARN_BOOL_CONVERSION = YES;
				CLANG_WARN_COMMA = YES;
				CLANG_WARN_CONSTANT_CONVERSION = YES;
				CLANG_WARN_DEPRECATED_OBJC_IMPLEMENTATIONS = YES;
				CLANG_WARN_DIRECT_OBJC_ISA_USAGE = YES_ERROR;
				CLANG_WARN_DOCUMENTATION_COMMENTS = YES;
				CLANG_WARN_EMPTY_BODY = YES;
				CLANG_WARN_ENUM_CONVERSION = YES;
				CLANG_WARN_INFINITE_RECURSION = YES;
				CLANG_WARN_INT_CONVERSION = YES;
				CLANG_WARN_NON_LITERAL_NULL_CONVERSION = YES;
				CLANG_WARN_OBJC_IMPLICIT_RETAIN_SELF = YES;
				CLANG_WARN_OBJC_LITERAL_CONVERSION = YES;
				CLANG_WARN_OBJC_ROOT_CLASS = YES_ERROR;
				CLANG_WARN_RANGE_LOOP_ANALYSIS = YES;
				CLANG_WARN_STRICT_PROTOTYPES = YES;
				CLANG_WARN_SUSPICIOUS_MOVE = YES;
				CLANG_WARN_UNGUARDED_AVAILABILITY = YES_AGGRESSIVE;
				CLANG_WARN_UNREACHABLE_CODE = YES;
				CLANG_WARN__DUPLICATE_METHOD_MATCH = YES;
				CODE_SIGN_IDENTITY = "iPhone Developer";
				COPY_PHASE_STRIP = NO;
				DEBUG_INFORMATION_FORMAT = dwarf;
				ENABLE_STRICT_OBJC_MSGSEND = YES;
				ENABLE_TESTABILITY = YES;
				GCC_C_LANGUAGE_STANDARD = gnu11;
				GCC_DYNAMIC_NO_PIC = NO;
				GCC_NO_COMMON_BLOCKS = YES;
				GCC_OPTIMIZATION_LEVEL = 0;
				GCC_PREPROCESSOR_DEFINITIONS = (
					"DEBUG=1",
					"$(inherited)",
				);
				GCC_WARN_64_TO_32_BIT_CONVERSION = YES;
				GCC_WARN_ABOUT_RETURN_TYPE = YES_ERROR;
				GCC_WARN_UNDECLARED_SELECTOR = YES;
				GCC_WARN_UNINITIALIZED_AUTOS = YES_AGGRESSIVE;
				GCC_WARN_UNUSED_FUNCTION = YES;
				GCC_WARN_UNUSED_VARIABLE = YES;
				IPHONEOS_DEPLOYMENT_TARGET = 12.0;
				MTL_ENABLE_DEBUG_INFO = INCLUDE_SOURCE;
				MTL_FAST_MATH = YES;
				ONLY_ACTIVE_ARCH = YES;
				SDKROOT = iphoneos;
			};
			name = Debug;
		};
		83E22376218ADE0200F669CA /* Release */ = {
			isa = XCBuildConfiguration;
			buildSettings = {
				ALWAYS_SEARCH_USER_PATHS = NO;
				CLANG_ANALYZER_NONNULL = YES;
				CLANG_ANALYZER_NUMBER_OBJECT_CONVERSION = YES_AGGRESSIVE;
				CLANG_CXX_LANGUAGE_STANDARD = "gnu++14";
				CLANG_CXX_LIBRARY = "libc++";
				CLANG_ENABLE_MODULES = YES;
				CLANG_ENABLE_OBJC_ARC = YES;
				CLANG_ENABLE_OBJC_WEAK = YES;
				CLANG_WARN_BLOCK_CAPTURE_AUTORELEASING = YES;
				CLANG_WARN_BOOL_CONVERSION = YES;
				CLANG_WARN_COMMA = YES;
				CLANG_WARN_CONSTANT_CONVERSION = YES;
				CLANG_WARN_DEPRECATED_OBJC_IMPLEMENTATIONS = YES;
				CLANG_WARN_DIRECT_OBJC_ISA_USAGE = YES_ERROR;
				CLANG_WARN_DOCUMENTATION_COMMENTS = YES;
				CLANG_WARN_EMPTY_BODY = YES;
				CLANG_WARN_ENUM_CONVERSION = YES;
				CLANG_WARN_INFINITE_RECURSION = YES;
				CLANG_WARN_INT_CONVERSION = YES;
				CLANG_WARN_NON_LITERAL_NULL_CONVERSION = YES;
				CLANG_WARN_OBJC_IMPLICIT_RETAIN_SELF = YES;
				CLANG_WARN_OBJC_LITERAL_CONVERSION = YES;
				CLANG_WARN_OBJC_ROOT_CLASS = YES_ERROR;
				CLANG_WARN_RANGE_LOOP_ANALYSIS = YES;
				CLANG_WARN_STRICT_PROTOTYPES = YES;
				CLANG_WARN_SUSPICIOUS_MOVE = YES;
				CLANG_WARN_UNGUARDED_AVAILABILITY = YES_AGGRESSIVE;
				CLANG_WARN_UNREACHABLE_CODE = YES;
				CLANG_WARN__DUPLICATE_METHOD_MATCH = YES;
				CODE_SIGN_IDENTITY = "iPhone Developer";
				COPY_PHASE_STRIP = NO;
				DEBUG_INFORMATION_FORMAT = "dwarf-with-dsym";
				ENABLE_NS_ASSERTIONS = NO;
				ENABLE_STRICT_OBJC_MSGSEND = YES;
				GCC_C_LANGUAGE_STANDARD = gnu11;
				GCC_NO_COMMON_BLOCKS = YES;
				GCC_WARN_64_TO_32_BIT_CONVERSION = YES;
				GCC_WARN_ABOUT_RETURN_TYPE = YES_ERROR;
				GCC_WARN_UNDECLARED_SELECTOR = YES;
				GCC_WARN_UNINITIALIZED_AUTOS = YES_AGGRESSIVE;
				GCC_WARN_UNUSED_FUNCTION = YES;
				GCC_WARN_UNUSED_VARIABLE = YES;
				IPHONEOS_DEPLOYMENT_TARGET = 12.0;
				MTL_ENABLE_DEBUG_INFO = NO;
				MTL_FAST_MATH = YES;
				SDKROOT = iphoneos;
				VALIDATE_PRODUCT = YES;
			};
			name = Release;
		};
		83E22378218ADE0200F669CA /* Debug */ = {
			isa = XCBuildConfiguration;
			buildSettings = {
				ASSETCATALOG_COMPILER_APPICON_NAME = AppIcon;
				CODE_SIGN_STYLE = Automatic;
				DEVELOPMENT_TEAM = J34S2FKR92;
				INFOPLIST_FILE = UPMCityPicker/Info.plist;
				IPHONEOS_DEPLOYMENT_TARGET = 8.0;
				LD_RUNPATH_SEARCH_PATHS = (
					"$(inherited)",
					"@executable_path/Frameworks",
				);
				PRODUCT_BUNDLE_IDENTIFIER = com.upmer.UPMCityPicker;
				PRODUCT_NAME = "$(TARGET_NAME)";
				TARGETED_DEVICE_FAMILY = "1,2";
			};
			name = Debug;
		};
		83E22379218ADE0200F669CA /* Release */ = {
			isa = XCBuildConfiguration;
			buildSettings = {
				ASSETCATALOG_COMPILER_APPICON_NAME = AppIcon;
				CODE_SIGN_STYLE = Automatic;
				DEVELOPMENT_TEAM = J34S2FKR92;
				INFOPLIST_FILE = UPMCityPicker/Info.plist;
				IPHONEOS_DEPLOYMENT_TARGET = 8.0;
				LD_RUNPATH_SEARCH_PATHS = (
					"$(inherited)",
					"@executable_path/Frameworks",
				);
				PRODUCT_BUNDLE_IDENTIFIER = com.upmer.UPMCityPicker;
				PRODUCT_NAME = "$(TARGET_NAME)";
				TARGETED_DEVICE_FAMILY = "1,2";
			};
			name = Release;
		};
		83E2237B218ADE0200F669CA /* Debug */ = {
			isa = XCBuildConfiguration;
			buildSettings = {
				BUNDLE_LOADER = "$(TEST_HOST)";
				CODE_SIGN_STYLE = Automatic;
				INFOPLIST_FILE = UPMCityPickerTests/Info.plist;
				LD_RUNPATH_SEARCH_PATHS = (
					"$(inherited)",
					"@executable_path/Frameworks",
					"@loader_path/Frameworks",
				);
				PRODUCT_BUNDLE_IDENTIFIER = com.upmer.UPMCityPickerTests;
				PRODUCT_NAME = "$(TARGET_NAME)";
				TARGETED_DEVICE_FAMILY = "1,2";
				TEST_HOST = "$(BUILT_PRODUCTS_DIR)/UPMCityPicker.app/UPMCityPicker";
			};
			name = Debug;
		};
		83E2237C218ADE0200F669CA /* Release */ = {
			isa = XCBuildConfiguration;
			buildSettings = {
				BUNDLE_LOADER = "$(TEST_HOST)";
				CODE_SIGN_STYLE = Automatic;
				INFOPLIST_FILE = UPMCityPickerTests/Info.plist;
				LD_RUNPATH_SEARCH_PATHS = (
					"$(inherited)",
					"@executable_path/Frameworks",
					"@loader_path/Frameworks",
				);
				PRODUCT_BUNDLE_IDENTIFIER = com.upmer.UPMCityPickerTests;
				PRODUCT_NAME = "$(TARGET_NAME)";
				TARGETED_DEVICE_FAMILY = "1,2";
				TEST_HOST = "$(BUILT_PRODUCTS_DIR)/UPMCityPicker.app/UPMCityPicker";
			};
			name = Release;
		};
		83E2237E218ADE0200F669CA /* Debug */ = {
			isa = XCBuildConfiguration;
			buildSettings = {
				CODE_SIGN_STYLE = Automatic;
				INFOPLIST_FILE = UPMCityPickerUITests/Info.plist;
				LD_RUNPATH_SEARCH_PATHS = (
					"$(inherited)",
					"@executable_path/Frameworks",
					"@loader_path/Frameworks",
				);
				PRODUCT_BUNDLE_IDENTIFIER = com.upmer.UPMCityPickerUITests;
				PRODUCT_NAME = "$(TARGET_NAME)";
				TARGETED_DEVICE_FAMILY = "1,2";
				TEST_TARGET_NAME = UPMCityPicker;
			};
			name = Debug;
		};
		83E2237F218ADE0200F669CA /* Release */ = {
			isa = XCBuildConfiguration;
			buildSettings = {
				CODE_SIGN_STYLE = Automatic;
				INFOPLIST_FILE = UPMCityPickerUITests/Info.plist;
				LD_RUNPATH_SEARCH_PATHS = (
					"$(inherited)",
					"@executable_path/Frameworks",
					"@loader_path/Frameworks",
				);
				PRODUCT_BUNDLE_IDENTIFIER = com.upmer.UPMCityPickerUITests;
				PRODUCT_NAME = "$(TARGET_NAME)";
				TARGETED_DEVICE_FAMILY = "1,2";
				TEST_TARGET_NAME = UPMCityPicker;
			};
			name = Release;
		};
/* End XCBuildConfiguration section */

/* Begin XCConfigurationList section */
		83E22346218ADE0100F669CA /* Build configuration list for PBXProject "UPMCityPicker" */ = {
			isa = XCConfigurationList;
			buildConfigurations = (
				83E22375218ADE0200F669CA /* Debug */,
				83E22376218ADE0200F669CA /* Release */,
			);
			defaultConfigurationIsVisible = 0;
			defaultConfigurationName = Release;
		};
		83E22377218ADE0200F669CA /* Build configuration list for PBXNativeTarget "UPMCityPicker" */ = {
			isa = XCConfigurationList;
			buildConfigurations = (
				83E22378218ADE0200F669CA /* Debug */,
				83E22379218ADE0200F669CA /* Release */,
			);
			defaultConfigurationIsVisible = 0;
			defaultConfigurationName = Release;
		};
		83E2237A218ADE0200F669CA /* Build configuration list for PBXNativeTarget "UPMCityPickerTests" */ = {
			isa = XCConfigurationList;
			buildConfigurations = (
				83E2237B218ADE0200F669CA /* Debug */,
				83E2237C218ADE0200F669CA /* Release */,
			);
			defaultConfigurationIsVisible = 0;
			defaultConfigurationName = Release;
		};
		83E2237D218ADE0200F669CA /* Build configuration list for PBXNativeTarget "UPMCityPickerUITests" */ = {
			isa = XCConfigurationList;
			buildConfigurations = (
				83E2237E218ADE0200F669CA /* Debug */,
				83E2237F218ADE0200F669CA /* Release */,
			);
			defaultConfigurationIsVisible = 0;
			defaultConfigurationName = Release;
		};
/* End XCConfigurationList section */
	};
	rootObject = 83E22343218ADE0100F669CA /* Project object */;
}
